github.com/Syuparn/go-api-practice v0.0.0-20200810091642-4737adb51d0d h1:lv2udvB5K9Y/CzH5PUFGabV3fvtFn2XEL8HRD7h9adI=
github.com/gofrs/uuid v3.3.0+incompatible h1:8K4tyRfvU1CYPgJsveYFQMhpFd/wXNM7iK6rR7UHz84=
github.com/gofrs/uuid v3.3.0+incompatible/go.mod h1:b2aQJv3Z4Fp6yNu3cdSllBxTCLRxnplIgP/c0N/04lM=
